
Microsoft Visual Studio Solution File, Format Version 12.00
# Visual Studio Version 16
VisualStudioVersion = 16.0.31410.357
MinimumVisualStudioVersion = 10.0.40219.1
Project("{FAE04EC0-301F-11D3-BF4B-00C04F79EFBC}") = "bugz", "bugz.csproj", "{C211CF8E-53AC-4F3D-A6AF-352B98942F2A}"
EndProject
Global
	GlobalSection(SolutionConfigurationPlatforms) = preSolution
		Debug|Any CPU = Debug|Any CPU
		Release|Any CPU = Release|Any CPU
	EndGlobalSection
	GlobalSection(ProjectConfigurationPlatforms) = postSolution
		{C211CF8E-53AC-4F3D-A6AF-352B98942F2A}.Debug|Any CPU.ActiveCfg = Debug|Any CPU
		{C211CF8E-53AC-4F3D-A6AF-352B98942F2A}.Debug|Any CPU.Build.0 = Debug|Any CPU
		{C211CF8E-53AC-4F3D-A6AF-352B98942F2A}.Release|Any CPU.ActiveCfg = Release|Any CPU
		{C211CF8E-53AC-4F3D-A6AF-352B98942F2A}.Release|Any CPU.Build.0 = Release|Any CPU
	EndGlobalSection
	GlobalSection(SolutionProperties) = preSolution
		HideSolutionNode = FALSE
	EndGlobalSection
	GlobalSection(ExtensibilityGlobals) = postSolution
		SolutionGuid = {3E9F7D97-E959-4BAB-9072-D5D28734769E}
	EndGlobalSection
EndGlobal
